// !$*UTF8*$!
{
	archiveVersion = 1;
	classes = {
	};
	objectVersion = 77;
	objects = {

/* Begin PBXContainerItemProxy section */
		5DCAFABD2D2DD62200A6258D /* PBXContainerItemProxy */ = {
			isa = PBXContainerItemProxy;
			containerPortal = 5DCAFAA42D2DD62000A6258D /* Project object */;
			proxyType = 1;
			remoteGlobalIDString = 5DCAFAAB2D2DD62000A6258D;
			remoteInfo = Momentos;
		};
		5DCAFAC72D2DD62200A6258D /* PBXContainerItemProxy */ = {
			isa = PBXContainerItemProxy;
			containerPortal = 5DCAFAA42D2DD62000A6258D /* Project object */;
			proxyType = 1;
			remoteGlobalIDString = 5DCAFAAB2D2DD62000A6258D;
			remoteInfo = Momentos;
		};
/* End PBXContainerItemProxy section */

/* Begin PBXFileReference section */
		5DCAFAAC2D2DD62000A6258D /* Momentos.app */ = {isa = PBXFileReference; explicitFileType = wrapper.application; includeInIndex = 0; path = Momentos.app; sourceTree = BUILT_PRODUCTS_DIR; };
		5DCAFABC2D2DD62200A6258D /* MomentosTests.xctest */ = {isa = PBXFileReference; explicitFileType = wrapper.cfbundle; includeInIndex = 0; path = MomentosTests.xctest; sourceTree = BUILT_PRODUCTS_DIR; };
		5DCAFAC62D2DD62200A6258D /* MomentosUITests.xctest */ = {isa = PBXFileReference; explicitFileType = wrapper.cfbundle; includeInIndex = 0; path = MomentosUITests.xctest; sourceTree = BUILT_PRODUCTS_DIR; };
/* End PBXFileReference section */

/* Begin PBXFileSystemSynchronizedRootGroup section */
		5DCAFAAE2D2DD62000A6258D /* Momentos */ = {
			isa = PBXFileSystemSynchronizedRootGroup;
			path = Momentos;
			sourceTree = "<group>";
		};
		5DCAFABF2D2DD62200A6258D /* MomentosTests */ = {
			isa = PBXFileSystemSynchronizedRootGroup;
			path = MomentosTests;
			sourceTree = "<group>";
		};
		5DCAFAC92D2DD62200A6258D /* MomentosUITests */ = {
			isa = PBXFileSystemSynchronizedRootGroup;
			path = MomentosUITests;
			sourceTree = "<group>";
		};
/* End PBXFileSystemSynchronizedRootGroup section */

/* Begin PBXFrameworksBuildPhase section */
		5DCAFAA92D2DD62000A6258D /* Frameworks */ = {
			isa = PBXFrameworksBuildPhase;
			buildActionMask = 2147483647;
			files = (
			);
			runOnlyForDeploymentPostprocessing = 0;
		};
		5DCAFAB92D2DD62200A6258D /* Frameworks */ = {
			isa = PBXFrameworksBuildPhase;
			buildActionMask = 2147483647;
			files = (
			);
			runOnlyForDeploymentPostprocessing = 0;
		};
		5DCAFAC32D2DD62200A6258D /* Frameworks */ = {
			isa = PBXFrameworksBuildPhase;
			buildActionMask = 2147483647;
			files = (
			);
			runOnlyForDeploymentPostprocessing = 0;
		};
/* End PBXFrameworksBuildPhase section */

/* Begin PBXGroup section */
		5DCAFAA32D2DD62000A6258D = {
			isa = PBXGroup;
			children = (
				5DCAFAAE2D2DD62000A6258D /* Momentos */,
				5DCAFABF2D2DD62200A6258D /* MomentosTests */,
				5DCAFAC92D2DD62200A6258D /* MomentosUITests */,
				5DCAFAAD2D2DD62000A6258D /* Products */,
			);
			sourceTree = "<group>";
		};
		5DCAFAAD2D2DD62000A6258D /* Products */ = {
			isa = PBXGroup;
			children = (
				5DCAFAAC2D2DD62000A6258D /* Momentos.app */,
				5DCAFABC2D2DD62200A6258D /* MomentosTests.xctest */,
				5DCAFAC62D2DD62200A6258D /* MomentosUITests.xctest */,
			);
			name = Products;
			sourceTree = "<group>";
		};
/* End PBXGroup section */

/* Begin PBXNativeTarget section */
		5DCAFAAB2D2DD62000A6258D /* Momentos */ = {
			isa = PBXNativeTarget;
			buildConfigurationList = 5DCAFAD02D2DD62200A6258D /* Build configuration list for PBXNativeTarget "Momentos" */;
			buildPhases = (
				5DCAFAA82D2DD62000A6258D /* Sources */,
				5DCAFAA92D2DD62000A6258D /* Frameworks */,
				5DCAFAAA2D2DD62000A6258D /* Resources */,
			);
			buildRules = (
			);
			dependencies = (
			);
			fileSystemSynchronizedGroups = (
				5DCAFAAE2D2DD62000A6258D /* Momentos */,
			);
			name = Momentos;
			packageProductDependencies = (
			);
			productName = Momentos;
			productReference = 5DCAFAAC2D2DD62000A6258D /* Momentos.app */;
			productType = "com.apple.product-type.application";
		};
		5DCAFABB2D2DD62200A6258D /* MomentosTests */ = {
			isa = PBXNativeTarget;
			buildConfigurationList = 5DCAFAD32D2DD62200A6258D /* Build configuration list for PBXNativeTarget "MomentosTests" */;
			buildPhases = (
				5DCAFAB82D2DD62200A6258D /* Sources */,
				5DCAFAB92D2DD62200A6258D /* Frameworks */,
				5DCAFABA2D2DD62200A6258D /* Resources */,
			);
			buildRules = (
			);
			dependencies = (
				5DCAFABE2D2DD62200A6258D /* PBXTargetDependency */,
			);
			fileSystemSynchronizedGroups = (
				5DCAFABF2D2DD62200A6258D /* MomentosTests */,
			);
			name = MomentosTests;
			packageProductDependencies = (
			);
			productName = MomentosTests;
			productReference = 5DCAFABC2D2DD62200A6258D /* MomentosTests.xctest */;
			productType = "com.apple.product-type.bundle.unit-test";
		};
		5DCAFAC52D2DD62200A6258D /* MomentosUITests */ = {
			isa = PBXNativeTarget;
			buildConfigurationList = 5DCAFAD62D2DD62200A6258D /* Build configuration list for PBXNativeTarget "MomentosUITests" */;
			buildPhases = (
				5DCAFAC22D2DD62200A6258D /* Sources */,
				5DCAFAC32D2DD62200A6258D /* Frameworks */,
				5DCAFAC42D2DD62200A6258D /* Resources */,
			);
			buildRules = (
			);
			dependencies = (
				5DCAFAC82D2DD62200A6258D /* PBXTargetDependency */,
			);
			fileSystemSynchronizedGroups = (
				5DCAFAC92D2DD62200A6258D /* MomentosUITests */,
			);
			name = MomentosUITests;
			packageProductDependencies = (
			);
			productName = MomentosUITests;
			productReference = 5DCAFAC62D2DD62200A6258D /* MomentosUITests.xctest */;
			productType = "com.apple.product-type.bundle.ui-testing";
		};
/* End PBXNativeTarget section */

/* Begin PBXProject section */
		5DCAFAA42D2DD62000A6258D /* Project object */ = {
			isa = PBXProject;
			attributes = {
				BuildIndependentTargetsInParallel = 1;
				LastSwiftUpdateCheck = 1620;
				LastUpgradeCheck = 1620;
				TargetAttributes = {
					5DCAFAAB2D2DD62000A6258D = {
						CreatedOnToolsVersion = 16.2;
					};
					5DCAFABB2D2DD62200A6258D = {
						CreatedOnToolsVersion = 16.2;
						TestTargetID = 5DCAFAAB2D2DD62000A6258D;
					};
					5DCAFAC52D2DD62200A6258D = {
						CreatedOnToolsVersion = 16.2;
						TestTargetID = 5DCAFAAB2D2DD62000A6258D;
					};
				};
			};
			buildConfigurationList = 5DCAFAA72D2DD62000A6258D /* Build configuration list for PBXProject "Momentos" */;
			developmentRegion = en;
			hasScannedForEncodings = 0;
			knownRegions = (
				en,
				Base,
			);
			mainGroup = 5DCAFAA32D2DD62000A6258D;
			minimizedProjectReferenceProxies = 1;
			preferredProjectObjectVersion = 77;
			productRefGroup = 5DCAFAAD2D2DD62000A6258D /* Products */;
			projectDirPath = "";
			projectRoot = "";
			targets = (
				5DCAFAAB2D2DD62000A6258D /* Momentos */,
				5DCAFABB2D2DD62200A6258D /* MomentosTests */,
				5DCAFAC52D2DD62200A6258D /* MomentosUITests */,
			);
		};
/* End PBXProject section */

/* Begin PBXResourcesBuildPhase section */
		5DCAFAAA2D2DD62000A6258D /* Resources */ = {
			isa = PBXResourcesBuildPhase;
			buildActionMask = 2147483647;
			files = (
			);
			runOnlyForDeploymentPostprocessing = 0;
		};
		5DCAFABA2D2DD62200A6258D /* Resources */ = {
			isa = PBXResourcesBuildPhase;
			buildActionMask = 2147483647;
			files = (
			);
			runOnlyForDeploymentPostprocessing = 0;
		};
		5DCAFAC42D2DD62200A6258D /* Resources */ = {
			isa = PBXResourcesBuildPhase;
			buildActionMask = 2147483647;
			files = (
			);
			runOnlyForDeploymentPostprocessing = 0;
		};
/* End PBXResourcesBuildPhase section */

/* Begin PBXSourcesBuildPhase section */
		5DCAFAA82D2DD62000A6258D /* Sources */ = {
			isa = PBXSourcesBuildPhase;
			buildActionMask = 2147483647;
			files = (
			);
			runOnlyForDeploymentPostprocessing = 0;
		};
		5DCAFAB82D2DD62200A6258D /* Sources */ = {
			isa = PBXSourcesBuildPhase;
			buildActionMask = 2147483647;
			files = (
			);
			runOnlyForDeploymentPostprocessing = 0;
		};
		5DCAFAC22D2DD62200A6258D /* Sources */ = {
			isa = PBXSourcesBuildPhase;
			buildActionMask = 2147483647;
			files = (
			);
			runOnlyForDeploymentPostprocessing = 0;
		};
/* End PBXSourcesBuildPhase section */

/* Begin PBXTargetDependency section */
		5DCAFABE2D2DD62200A6258D /* PBXTargetDependency */ = {
			isa = PBXTargetDependency;
			target = 5DCAFAAB2D2DD62000A6258D /* Momentos */;
			targetProxy = 5DCAFABD2D2DD62200A6258D /* PBXContainerItemProxy */;
		};
		5DCAFAC82D2DD62200A6258D /* PBXTargetDependency */ = {
			isa = PBXTargetDependency;
			target = 5DCAFAAB2D2DD62000A6258D /* Momentos */;
			targetProxy = 5DCAFAC72D2DD62200A6258D /* PBXContainerItemProxy */;
		};
/* End PBXTargetDependency section */

/* Begin XCBuildConfiguration section */
		5DCAFACE2D2DD62200A6258D /* Debug */ = {
			isa = XCBuildConfiguration;
			buildSettings = {
				ALWAYS_SEARCH_USER_PATHS = NO;
				ASSETCATALOG_COMPILER_GENERATE_SWIFT_ASSET_SYMBOL_EXTENSIONS = YES;
				CLANG_ANALYZER_NONNULL = YES;
				CLANG_ANALYZER_NUMBER_OBJECT_CONVERSION = YES_AGGRESSIVE;
				CLANG_CXX_LANGUAGE_STANDARD = "gnu++20";
				CLANG_ENABLE_MODULES = YES;
				CLANG_ENABLE_OBJC_ARC = YES;
				CLANG_ENABLE_OBJC_WEAK = YES;
				CLANG_WARN_BLOCK_CAPTURE_AUTORELEASING = YES;
				CLANG_WARN_BOOL_CONVERSION = YES;
				CLANG_WARN_COMMA = YES;
				CLANG_WARN_CONSTANT_CONVERSION = YES;
				CLANG_WARN_DEPRECATED_OBJC_IMPLEMENTATIONS = YES;
				CLANG_WARN_DIRECT_OBJC_ISA_USAGE = YES_ERROR;
				CLANG_WARN_DOCUMENTATION_COMMENTS = YES;
				CLANG_WARN_EMPTY_BODY = YES;
				CLANG_WARN_ENUM_CONVERSION = YES;
				CLANG_WARN_INFINITE_RECURSION = YES;
				CLANG_WARN_INT_CONVERSION = YES;
				CLANG_WARN_NON_LITERAL_NULL_CONVERSION = YES;
				CLANG_WARN_OBJC_IMPLICIT_RETAIN_SELF = YES;
				CLANG_WARN_OBJC_LITERAL_CONVERSION = YES;
				CLANG_WARN_OBJC_ROOT_CLASS = YES_ERROR;
				CLANG_WARN_QUOTED_INCLUDE_IN_FRAMEWORK_HEADER = YES;
				CLANG_WARN_RANGE_LOOP_ANALYSIS = YES;
				CLANG_WARN_STRICT_PROTOTYPES = YES;
				CLANG_WARN_SUSPICIOUS_MOVE = YES;
				CLANG_WARN_UNGUARDED_AVAILABILITY = YES_AGGRESSIVE;
				CLANG_WARN_UNREACHABLE_CODE = YES;
				CLANG_WARN__DUPLICATE_METHOD_MATCH = YES;
				COPY_PHASE_STRIP = NO;
				DEBUG_INFORMATION_FORMAT = dwarf;
				ENABLE_STRICT_OBJC_MSGSEND = YES;
				ENABLE_TESTABILITY = YES;
				ENABLE_USER_SCRIPT_SANDBOXING = YES;
				GCC_C_LANGUAGE_STANDARD = gnu17;
				GCC_DYNAMIC_NO_PIC = NO;
				GCC_NO_COMMON_BLOCKS = YES;
				GCC_OPTIMIZATION_LEVEL = 0;
				GCC_PREPROCESSOR_DEFINITIONS = (
					"DEBUG=1",
					"$(inherited)",
				);
				GCC_WARN_64_TO_32_BIT_CONVERSION = YES;
				GCC_WARN_ABOUT_RETURN_TYPE = YES_ERROR;
				GCC_WARN_UNDECLARED_SELECTOR = YES;
				GCC_WARN_UNINITIALIZED_AUTOS = YES_AGGRESSIVE;
				GCC_WARN_UNUSED_FUNCTION = YES;
				GCC_WARN_UNUSED_VARIABLE = YES;
				IPHONEOS_DEPLOYMENT_TARGET = 18.2;
				LOCALIZATION_PREFERS_STRING_CATALOGS = YES;
				MTL_ENABLE_DEBUG_INFO = INCLUDE_SOURCE;
				MTL_FAST_MATH = YES;
				ONLY_ACTIVE_ARCH = YES;
				SDKROOT = iphoneos;
				SWIFT_ACTIVE_COMPILATION_CONDITIONS = "DEBUG $(inherited)";
				SWIFT_OPTIMIZATION_LEVEL = "-Onone";
			};
			name = Debug;
		};
		5DCAFACF2D2DD62200A6258D /* Release */ = {
			isa = XCBuildConfiguration;
			buildSettings = {
				ALWAYS_SEARCH_USER_PATHS = NO;
				ASSETCATALOG_COMPILER_GENERATE_SWIFT_ASSET_SYMBOL_EXTENSIONS = YES;
				CLANG_ANALYZER_NONNULL = YES;
				CLANG_ANALYZER_NUMBER_OBJECT_CONVERSION = YES_AGGRESSIVE;
				CLANG_CXX_LANGUAGE_STANDARD = "gnu++20";
				CLANG_ENABLE_MODULES = YES;
				CLANG_ENABLE_OBJC_ARC = YES;
				CLANG_ENABLE_OBJC_WEAK = YES;
				CLANG_WARN_BLOCK_CAPTURE_AUTORELEASING = YES;
				CLANG_WARN_BOOL_CONVERSION = YES;
				CLANG_WARN_COMMA = YES;
				CLANG_WARN_CONSTANT_CONVERSION = YES;
				CLANG_WARN_DEPRECATED_OBJC_IMPLEMENTATIONS = YES;
				CLANG_WARN_DIRECT_OBJC_ISA_USAGE = YES_ERROR;
				CLANG_WARN_DOCUMENTATION_COMMENTS = YES;
				CLANG_WARN_EMPTY_BODY = YES;
				CLANG_WARN_ENUM_CONVERSION = YES;
				CLANG_WARN_INFINITE_RECURSION = YES;
				CLANG_WARN_INT_CONVERSION = YES;
				CLANG_WARN_NON_LITERAL_NULL_CONVERSION = YES;
				CLANG_WARN_OBJC_IMPLICIT_RETAIN_SELF = YES;
				CLANG_WARN_OBJC_LITERAL_CONVERSION = YES;
				CLANG_WARN_OBJC_ROOT_CLASS = YES_ERROR;
				CLANG_WARN_QUOTED_INCLUDE_IN_FRAMEWORK_HEADER = YES;
				CLANG_WARN_RANGE_LOOP_ANALYSIS = YES;
				CLANG_WARN_STRICT_PROTOTYPES = YES;
				CLANG_WARN_SUSPICIOUS_MOVE = YES;
				CLANG_WARN_UNGUARDED_AVAILABILITY = YES_AGGRESSIVE;
				CLANG_WARN_UNREACHABLE_CODE = YES;
				CLANG_WARN__DUPLICATE_METHOD_MATCH = YES;
				COPY_PHASE_STRIP = NO;
				DEBUG_INFORMATION_FORMAT = "dwarf-with-dsym";
				ENABLE_NS_ASSERTIONS = NO;
				ENABLE_STRICT_OBJC_MSGSEND = YES;
				ENABLE_USER_SCRIPT_SANDBOXING = YES;
				GCC_C_LANGUAGE_STANDARD = gnu17;
				GCC_NO_COMMON_BLOCKS = YES;
				GCC_WARN_64_TO_32_BIT_CONVERSION = YES;
				GCC_WARN_ABOUT_RETURN_TYPE = YES_ERROR;
				GCC_WARN_UNDECLARED_SELECTOR = YES;
				GCC_WARN_UNINITIALIZED_AUTOS = YES_AGGRESSIVE;
				GCC_WARN_UNUSED_FUNCTION = YES;
				GCC_WARN_UNUSED_VARIABLE = YES;
				IPHONEOS_DEPLOYMENT_TARGET = 18.2;
				LOCALIZATION_PREFERS_STRING_CATALOGS = YES;
				MTL_ENABLE_DEBUG_INFO = NO;
				MTL_FAST_MATH = YES;
				SDKROOT = iphoneos;
				SWIFT_COMPILATION_MODE = wholemodule;
				VALIDATE_PRODUCT = YES;
			};
			name = Release;
		};
		5DCAFAD12D2DD62200A6258D /* Debug */ = {
			isa = XCBuildConfiguration;
			buildSettings = {
				ASSETCATALOG_COMPILER_APPICON_NAME = AppIcon;
				ASSETCATALOG_COMPILER_GLOBAL_ACCENT_COLOR_NAME = AccentColor;
				CODE_SIGN_STYLE = Automatic;
				CURRENT_PROJECT_VERSION = 1;
				DEVELOPMENT_ASSET_PATHS = "\"Momentos/Preview Content\"";
				ENABLE_PREVIEWS = YES;
				GENERATE_INFOPLIST_FILE = YES;
				INFOPLIST_KEY_UIApplicationSceneManifest_Generation = YES;
				INFOPLIST_KEY_UIApplicationSupportsIndirectInputEvents = YES;
				INFOPLIST_KEY_UILaunchScreen_Generation = YES;
				INFOPLIST_KEY_UISupportedInterfaceOrientations_iPad = "UIInterfaceOrientationPortrait UIInterfaceOrientationPortraitUpsideDown UIInterfaceOrientationLandscapeLeft UIInterfaceOrientationLandscapeRight";
				INFOPLIST_KEY_UISupportedInterfaceOrientations_iPhone = "UIInterfaceOrientationPortrait UIInterfaceOrientationLandscapeLeft UIInterfaceOrientationLandscapeRight";
				LD_RUNPATH_SEARCH_PATHS = (
					"$(inherited)",
					"@executable_path/Frameworks",
				);
				MARKETING_VERSION = 1.0;
				PRODUCT_BUNDLE_IDENTIFIER = com.aszebaze.Momentos;
				PRODUCT_NAME = "$(TARGET_NAME)";
				SWIFT_EMIT_LOC_STRINGS = YES;
				SWIFT_VERSION = 5.0;
				TARGETED_DEVICE_FAMILY = "1,2";
			};
			name = Debug;
		};
		5DCAFAD22D2DD62200A6258D /* Release */ = {
			isa = XCBuildConfiguration;
			buildSettings = {
				ASSETCATALOG_COMPILER_APPICON_NAME = AppIcon;
				ASSETCATALOG_COMPILER_GLOBAL_ACCENT_COLOR_NAME = AccentColor;
				CODE_SIGN_STYLE = Automatic;
				CURRENT_PROJECT_VERSION = 1;
				DEVELOPMENT_ASSET_PATHS = "\"Momentos/Preview Content\"";
				ENABLE_PREVIEWS = YES;
				GENERATE_INFOPLIST_FILE = YES;
				INFOPLIST_KEY_UIApplicationSceneManifest_Generation = YES;
				INFOPLIST_KEY_UIApplicationSupportsIndirectInputEvents = YES;
				INFOPLIST_KEY_UILaunchScreen_Generation = YES;
				INFOPLIST_KEY_UISupportedInterfaceOrientations_iPad = "UIInterfaceOrientationPortrait UIInterfaceOrientationPortraitUpsideDown UIInterfaceOrientationLandscapeLeft UIInterfaceOrientationLandscapeRight";
				INFOPLIST_KEY_UISupportedInterfaceOrientations_iPhone = "UIInterfaceOrientationPortrait UIInterfaceOrientationLandscapeLeft UIInterfaceOrientationLandscapeRight";
				LD_RUNPATH_SEARCH_PATHS = (
					"$(inherited)",
					"@executable_path/Frameworks",
				);
				MARKETING_VERSION = 1.0;
				PRODUCT_BUNDLE_IDENTIFIER = com.aszebaze.Momentos;
				PRODUCT_NAME = "$(TARGET_NAME)";
				SWIFT_EMIT_LOC_STRINGS = YES;
				SWIFT_VERSION = 5.0;
				TARGETED_DEVICE_FAMILY = "1,2";
			};
			name = Release;
		};
		5DCAFAD42D2DD62200A6258D /* Debug */ = {
			isa = XCBuildConfiguration;
			buildSettings = {
				BUNDLE_LOADER = "$(TEST_HOST)";
				CODE_SIGN_STYLE = Automatic;
				CURRENT_PROJECT_VERSION = 1;
				GENERATE_INFOPLIST_FILE = YES;
				IPHONEOS_DEPLOYMENT_TARGET = 18.2;
				MARKETING_VERSION = 1.0;
				PRODUCT_BUNDLE_IDENTIFIER = com.aszebaze.MomentosTests;
				PRODUCT_NAME = "$(TARGET_NAME)";
				SWIFT_EMIT_LOC_STRINGS = NO;
				SWIFT_VERSION = 5.0;
				TARGETED_DEVICE_FAMILY = "1,2";
				TEST_HOST = "$(BUILT_PRODUCTS_DIR)/Momentos.app/$(BUNDLE_EXECUTABLE_FOLDER_PATH)/Momentos";
			};
			name = Debug;
		};
		5DCAFAD52D2DD62200A6258D /* Release */ = {
			isa = XCBuildConfiguration;
			buildSettings = {
				BUNDLE_LOADER = "$(TEST_HOST)";
				CODE_SIGN_STYLE = Automatic;
				CURRENT_PROJECT_VERSION = 1;
				GENERATE_INFOPLIST_FILE = YES;
				IPHONEOS_DEPLOYMENT_TARGET = 18.2;
				MARKETING_VERSION = 1.0;
				PRODUCT_BUNDLE_IDENTIFIER = com.aszebaze.MomentosTests;
				PRODUCT_NAME = "$(TARGET_NAME)";
				SWIFT_EMIT_LOC_STRINGS = NO;
				SWIFT_VERSION = 5.0;
				TARGETED_DEVICE_FAMILY = "1,2";
				TEST_HOST = "$(BUILT_PRODUCTS_DIR)/Momentos.app/$(BUNDLE_EXECUTABLE_FOLDER_PATH)/Momentos";
			};
			name = Release;
		};
		5DCAFAD72D2DD62200A6258D /* Debug */ = {
			isa = XCBuildConfiguration;
			buildSettings = {
				CODE_SIGN_STYLE = Automatic;
				CURRENT_PROJECT_VERSION = 1;
				GENERATE_INFOPLIST_FILE = YES;
				MARKETING_VERSION = 1.0;
				PRODUCT_BUNDLE_IDENTIFIER = com.aszebaze.MomentosUITests;
				PRODUCT_NAME = "$(TARGET_NAME)";
				SWIFT_EMIT_LOC_STRINGS = NO;
				SWIFT_VERSION = 5.0;
				TARGETED_DEVICE_FAMILY = "1,2";
				TEST_TARGET_NAME = Momentos;
			};
			name = Debug;
		};
		5DCAFAD82D2DD62200A6258D /* Release */ = {
			isa = XCBuildConfiguration;
			buildSettings = {
				CODE_SIGN_STYLE = Automatic;
				CURRENT_PROJECT_VERSION = 1;
				GENERATE_INFOPLIST_FILE = YES;
				MARKETING_VERSION = 1.0;
				PRODUCT_BUNDLE_IDENTIFIER = com.aszebaze.MomentosUITests;
				PRODUCT_NAME = "$(TARGET_NAME)";
				SWIFT_EMIT_LOC_STRINGS = NO;
				SWIFT_VERSION = 5.0;
				TARGETED_DEVICE_FAMILY = "1,2";
				TEST_TARGET_NAME = Momentos;
			};
			name = Release;
		};
/* End XCBuildConfiguration section */

/* Begin XCConfigurationList section */
		5DCAFAA72D2DD62000A6258D /* Build configuration list for PBXProject "Momentos" */ = {
			isa = XCConfigurationList;
			buildConfigurations = (
				5DCAFACE2D2DD62200A6258D /* Debug */,
				5DCAFACF2D2DD62200A6258D /* Release */,
			);
			defaultConfigurationIsVisible = 0;
			defaultConfigurationName = Release;
		};
		5DCAFAD02D2DD62200A6258D /* Build configuration list for PBXNativeTarget "Momentos" */ = {
			isa = XCConfigurationList;
			buildConfigurations = (
				5DCAFAD12D2DD62200A6258D /* Debug */,
				5DCAFAD22D2DD62200A6258D /* Release */,
			);
			defaultConfigurationIsVisible = 0;
			defaultConfigurationName = Release;
		};
		5DCAFAD32D2DD62200A6258D /* Build configuration list for PBXNativeTarget "MomentosTests" */ = {
			isa = XCConfigurationList;
			buildConfigurations = (
				5DCAFAD42D2DD62200A6258D /* Debug */,
				5DCAFAD52D2DD62200A6258D /* Release */,
			);
			defaultConfigurationIsVisible = 0;
			defaultConfigurationName = Release;
		};
		5DCAFAD62D2DD62200A6258D /* Build configuration list for PBXNativeTarget "MomentosUITests" */ = {
			isa = XCConfigurationList;
			buildConfigurations = (
				5DCAFAD72D2DD62200A6258D /* Debug */,
				5DCAFAD82D2DD62200A6258D /* Release */,
			);
			defaultConfigurationIsVisible = 0;
			defaultConfigurationName = Release;
		};
/* End XCConfigurationList section */
	};
	rootObject = 5DCAFAA42D2DD62000A6258D /* Project object */;
}
